
Microsoft Visual Studio Solution File, Format Version 12.00
# Visual Studio Version 17
VisualStudioVersion = 17.2.32630.192
MinimumVisualStudioVersion = 10.0.40219.1
Project("{FAE04EC0-301F-11D3-BF4B-00C04F79EFBC}") = "NumberSwap", "NumberSwap\NumberSwap.csproj", "{133D7D92-19BE-4296-B683-FACCDEA52DBF}"
EndProject
Global
	GlobalSection(SolutionConfigurationPlatforms) = preSolution
		Debug|Any CPU = Debug|Any CPU
		Release|Any CPU = Release|Any CPU
	EndGlobalSection
	GlobalSection(ProjectConfigurationPlatforms) = postSolution
		{133D7D92-19BE-4296-B683-FACCDEA52DBF}.Debug|Any CPU.ActiveCfg = Debug|Any CPU
		{133D7D92-19BE-4296-B683-FACCDEA52DBF}.Debug|Any CPU.Build.0 = Debug|Any CPU
		{133D7D92-19BE-4296-B683-FACCDEA52DBF}.Release|Any CPU.ActiveCfg = Release|Any CPU
		{133D7D92-19BE-4296-B683-FACCDEA52DBF}.Release|Any CPU.Build.0 = Release|Any CPU
	EndGlobalSection
	GlobalSection(SolutionProperties) = preSolution
		HideSolutionNode = FALSE
	EndGlobalSection
	GlobalSection(ExtensibilityGlobals) = postSolution
		SolutionGuid = {704E8403-DCC1-42F7-8B1A-952242ED395E}
	EndGlobalSection
EndGlobal
